
Microsoft Visual Studio Solution File, Format Version 12.00
# Visual Studio 15
VisualStudioVersion = 15.0.28307.271
MinimumVisualStudioVersion = 10.0.40219.1
Project("{FAE04EC0-301F-11D3-BF4B-00C04F79EFBC}") = "JogoDeAdivinhacao", "JogoDeAdivinhacao\JogoDeAdivinhacao.csproj", "{42DA85C7-139B-4D33-98C3-B6AE5CE290AE}"
EndProject
Global
	GlobalSection(SolutionConfigurationPlatforms) = preSolution
		Debug|Any CPU = Debug|Any CPU
		Release|Any CPU = Release|Any CPU
	EndGlobalSection
	GlobalSection(ProjectConfigurationPlatforms) = postSolution
		{42DA85C7-139B-4D33-98C3-B6AE5CE290AE}.Debug|Any CPU.ActiveCfg = Debug|Any CPU
		{42DA85C7-139B-4D33-98C3-B6AE5CE290AE}.Debug|Any CPU.Build.0 = Debug|Any CPU
		{42DA85C7-139B-4D33-98C3-B6AE5CE290AE}.Release|Any CPU.ActiveCfg = Release|Any CPU
		{42DA85C7-139B-4D33-98C3-B6AE5CE290AE}.Release|Any CPU.Build.0 = Release|Any CPU
	EndGlobalSection
	GlobalSection(SolutionProperties) = preSolution
		HideSolutionNode = FALSE
	EndGlobalSection
	GlobalSection(ExtensibilityGlobals) = postSolution
		SolutionGuid = {D4272F80-2668-4EA0-9397-C69ABDD411AD}
	EndGlobalSection
EndGlobal
